
Microsoft Visual Studio Solution File, Format Version 12.00
# Visual Studio Version 17
VisualStudioVersion = 17.7.34024.191
MinimumVisualStudioVersion = 10.0.40219.1
Project("{2150E333-8FDC-42A3-9474-1A3956D46DE8}") = "src", "src", "{3CD775B4-2A89-497F-940D-7F532A6AF272}"
EndProject
Project("{2150E333-8FDC-42A3-9474-1A3956D46DE8}") = "Core", "Core", "{A52D1D10-32F0-4F17-BA2B-E3F137E79743}"
EndProject
Project("{9A19103F-16F7-4668-BE54-9A1E7A4F7556}") = "FastFoodTotem.Domain", "src\Core\FastFoodTotem.Domain\FastFoodTotem.Domain.csproj", "{D5AC57FA-B637-4371-AC7F-C25718953A8E}"
EndProject
Project("{9A19103F-16F7-4668-BE54-9A1E7A4F7556}") = "FastFoodTotem.Application", "src\Core\FastFoodTotem.Application\FastFoodTotem.Application.csproj", "{F4D54797-35CB-4CD2-A653-39152AE3365D}"
EndProject
Project("{2150E333-8FDC-42A3-9474-1A3956D46DE8}") = "Solution Items", "Solution Items", "{9B9B9EFF-3BC2-4E4A-9E22-2F9CE9C9C239}"
	ProjectSection(SolutionItems) = preProject
		.gitignore = .gitignore
		CHANGELOG.md = CHANGELOG.md
		Dockerfile = Dockerfile
		Fast Food Totem Api.postman_collection.json = Fast Food Totem Api.postman_collection.json
		FastFoodTotem - Jornada dos Usuários.postman_collection.json = FastFoodTotem - Jornada dos Usuários.postman_collection.json
		LICENSE.md = LICENSE.md
		README.md = README.md
	EndProjectSection
EndProject
Project("{2150E333-8FDC-42A3-9474-1A3956D46DE8}") = "k8s", "k8s", "{C91A998B-C5CE-42EA-847B-E2F1442F5C7C}"
	ProjectSection(SolutionItems) = preProject
		k8s\api-deployment.yaml = k8s\api-deployment.yaml
		k8s\api-hpa.yaml = k8s\api-hpa.yaml
		k8s\api-secret.yaml = k8s\api-secret.yaml
		k8s\api-service.yaml = k8s\api-service.yaml
		k8s\db-deployment.yaml = k8s\db-deployment.yaml
		k8s\db-secret.yaml = k8s\db-secret.yaml
		k8s\db-service.yaml = k8s\db-service.yaml
	EndProjectSection
EndProject
Project("{2150E333-8FDC-42A3-9474-1A3956D46DE8}") = "stress", "stress", "{42AAE90A-0E28-46C7-AA45-37F72AF64B34}"
	ProjectSection(SolutionItems) = preProject
		stress\index.js = stress\index.js
	EndProjectSection
EndProject
Project("{2150E333-8FDC-42A3-9474-1A3956D46DE8}") = "Presentation", "Presentation", "{A16D0DFE-2E09-45E7-A635-9C2648BB8A8E}"
EndProject
Project("{2150E333-8FDC-42A3-9474-1A3956D46DE8}") = "Infrastructure", "Infrastructure", "{54F43D7F-F804-4970-92E0-0FE4C6FEE2E8}"
EndProject
Project("{9A19103F-16F7-4668-BE54-9A1E7A4F7556}") = "FastFoodTotem.Api", "src\Presentation\FastFoodTotem.Api\FastFoodTotem.Api.csproj", "{960E3278-B08A-4859-A0E2-18B847F3EA79}"
EndProject
Project("{9A19103F-16F7-4668-BE54-9A1E7A4F7556}") = "FastFoodTotem.Infra.IoC", "src\Infrastructure\FastFoodTotem.Infra.IoC\FastFoodTotem.Infra.IoC.csproj", "{659247FA-E3AB-4AFE-9E1B-B96DFE3B747A}"
EndProject
Project("{9A19103F-16F7-4668-BE54-9A1E7A4F7556}") = "FastFoodTotem.Infra.SqlServer", "src\Infrastructure\FastFoodTotem.Infra.SqlServer\FastFoodTotem.Infra.SqlServer.csproj", "{4E081A56-E6BE-4046-B3E8-FE80C11A1B17}"
EndProject
Project("{9A19103F-16F7-4668-BE54-9A1E7A4F7556}") = "FastFoodTotem.MercadoPago", "src\Infrastructure\FastFoodTotem.MercadoPago\FastFoodTotem.MercadoPago.csproj", "{DB993E1E-02DF-463F-BF5A-2EC154D57289}"
EndProject
Global
	GlobalSection(SolutionConfigurationPlatforms) = preSolution
		Debug|Any CPU = Debug|Any CPU
		Release|Any CPU = Release|Any CPU
	EndGlobalSection
	GlobalSection(ProjectConfigurationPlatforms) = postSolution
		{D5AC57FA-B637-4371-AC7F-C25718953A8E}.Debug|Any CPU.ActiveCfg = Debug|Any CPU
		{D5AC57FA-B637-4371-AC7F-C25718953A8E}.Debug|Any CPU.Build.0 = Debug|Any CPU
		{D5AC57FA-B637-4371-AC7F-C25718953A8E}.Release|Any CPU.ActiveCfg = Release|Any CPU
		{D5AC57FA-B637-4371-AC7F-C25718953A8E}.Release|Any CPU.Build.0 = Release|Any CPU
		{F4D54797-35CB-4CD2-A653-39152AE3365D}.Debug|Any CPU.ActiveCfg = Debug|Any CPU
		{F4D54797-35CB-4CD2-A653-39152AE3365D}.Debug|Any CPU.Build.0 = Debug|Any CPU
		{F4D54797-35CB-4CD2-A653-39152AE3365D}.Release|Any CPU.ActiveCfg = Release|Any CPU
		{F4D54797-35CB-4CD2-A653-39152AE3365D}.Release|Any CPU.Build.0 = Release|Any CPU
		{960E3278-B08A-4859-A0E2-18B847F3EA79}.Debug|Any CPU.ActiveCfg = Debug|Any CPU
		{960E3278-B08A-4859-A0E2-18B847F3EA79}.Debug|Any CPU.Build.0 = Debug|Any CPU
		{960E3278-B08A-4859-A0E2-18B847F3EA79}.Release|Any CPU.ActiveCfg = Release|Any CPU
		{960E3278-B08A-4859-A0E2-18B847F3EA79}.Release|Any CPU.Build.0 = Release|Any CPU
		{659247FA-E3AB-4AFE-9E1B-B96DFE3B747A}.Debug|Any CPU.ActiveCfg = Debug|Any CPU
		{659247FA-E3AB-4AFE-9E1B-B96DFE3B747A}.Debug|Any CPU.Build.0 = Debug|Any CPU
		{659247FA-E3AB-4AFE-9E1B-B96DFE3B747A}.Release|Any CPU.ActiveCfg = Release|Any CPU
		{659247FA-E3AB-4AFE-9E1B-B96DFE3B747A}.Release|Any CPU.Build.0 = Release|Any CPU
		{4E081A56-E6BE-4046-B3E8-FE80C11A1B17}.Debug|Any CPU.ActiveCfg = Debug|Any CPU
		{4E081A56-E6BE-4046-B3E8-FE80C11A1B17}.Debug|Any CPU.Build.0 = Debug|Any CPU
		{4E081A56-E6BE-4046-B3E8-FE80C11A1B17}.Release|Any CPU.ActiveCfg = Release|Any CPU
		{4E081A56-E6BE-4046-B3E8-FE80C11A1B17}.Release|Any CPU.Build.0 = Release|Any CPU
		{DB993E1E-02DF-463F-BF5A-2EC154D57289}.Debug|Any CPU.ActiveCfg = Debug|Any CPU
		{DB993E1E-02DF-463F-BF5A-2EC154D57289}.Debug|Any CPU.Build.0 = Debug|Any CPU
		{DB993E1E-02DF-463F-BF5A-2EC154D57289}.Release|Any CPU.ActiveCfg = Release|Any CPU
		{DB993E1E-02DF-463F-BF5A-2EC154D57289}.Release|Any CPU.Build.0 = Release|Any CPU
	EndGlobalSection
	GlobalSection(SolutionProperties) = preSolution
		HideSolutionNode = FALSE
	EndGlobalSection
	GlobalSection(NestedProjects) = preSolution
		{A52D1D10-32F0-4F17-BA2B-E3F137E79743} = {3CD775B4-2A89-497F-940D-7F532A6AF272}
		{D5AC57FA-B637-4371-AC7F-C25718953A8E} = {A52D1D10-32F0-4F17-BA2B-E3F137E79743}
		{F4D54797-35CB-4CD2-A653-39152AE3365D} = {A52D1D10-32F0-4F17-BA2B-E3F137E79743}
		{C91A998B-C5CE-42EA-847B-E2F1442F5C7C} = {9B9B9EFF-3BC2-4E4A-9E22-2F9CE9C9C239}
		{42AAE90A-0E28-46C7-AA45-37F72AF64B34} = {9B9B9EFF-3BC2-4E4A-9E22-2F9CE9C9C239}
		{A16D0DFE-2E09-45E7-A635-9C2648BB8A8E} = {3CD775B4-2A89-497F-940D-7F532A6AF272}
		{54F43D7F-F804-4970-92E0-0FE4C6FEE2E8} = {3CD775B4-2A89-497F-940D-7F532A6AF272}
		{960E3278-B08A-4859-A0E2-18B847F3EA79} = {A16D0DFE-2E09-45E7-A635-9C2648BB8A8E}
		{659247FA-E3AB-4AFE-9E1B-B96DFE3B747A} = {54F43D7F-F804-4970-92E0-0FE4C6FEE2E8}
		{4E081A56-E6BE-4046-B3E8-FE80C11A1B17} = {54F43D7F-F804-4970-92E0-0FE4C6FEE2E8}
		{DB993E1E-02DF-463F-BF5A-2EC154D57289} = {54F43D7F-F804-4970-92E0-0FE4C6FEE2E8}
	EndGlobalSection
	GlobalSection(ExtensibilityGlobals) = postSolution
		SolutionGuid = {1C58FD1C-5110-476B-88E7-DDD8B08DCE17}
	EndGlobalSection
EndGlobal
