
Microsoft Visual Studio Solution File, Format Version 12.00
# Visual Studio Version 17
VisualStudioVersion = 17.7.34024.191
MinimumVisualStudioVersion = 10.0.40219.1
Project("{2150E333-8FDC-42A3-9474-1A3956D46DE8}") = "src", "src", "{3CD775B4-2A89-497F-940D-7F532A6AF272}"
EndProject
Project("{2150E333-8FDC-42A3-9474-1A3956D46DE8}") = "Core", "Core", "{A52D1D10-32F0-4F17-BA2B-E3F137E79743}"
EndProject
Project("{2150E333-8FDC-42A3-9474-1A3956D46DE8}") = "Adapters", "Adapters", "{538C754D-FA5F-4FBE-80E1-DE96054D96A9}"
EndProject
Project("{2150E333-8FDC-42A3-9474-1A3956D46DE8}") = "Driven", "Driven", "{597BF64B-4771-4FF8-96CC-9D035D450304}"
EndProject
Project("{2150E333-8FDC-42A3-9474-1A3956D46DE8}") = "Driver", "Driver", "{91DB02A3-EDB9-445F-BF6E-98863467D0F3}"
EndProject
Project("{9A19103F-16F7-4668-BE54-9A1E7A4F7556}") = "FastFoodTotem.Api", "src\Adapters\Driver\FastFoodTotem.Api\FastFoodTotem.Api.csproj", "{18C03560-7178-4029-B6CC-7C9C3A8D2E2C}"
EndProject
Project("{9A19103F-16F7-4668-BE54-9A1E7A4F7556}") = "FastFoodTotem.Infra.SqlServer", "src\Adapters\Driven\FastFoodTotem.Infra.SqlServer\FastFoodTotem.Infra.SqlServer.csproj", "{F208C75B-EF5D-4D61-9EBF-300F7F8C7CE7}"
EndProject
Project("{9A19103F-16F7-4668-BE54-9A1E7A4F7556}") = "FastFoodTotem.Domain", "src\Core\FastFoodTotem.Domain\FastFoodTotem.Domain.csproj", "{D5AC57FA-B637-4371-AC7F-C25718953A8E}"
EndProject
Project("{9A19103F-16F7-4668-BE54-9A1E7A4F7556}") = "FastFoodTotem.Application", "src\Core\FastFoodTotem.Application\FastFoodTotem.Application.csproj", "{F30A8AF1-E2D0-499C-8212-C9C27F0DD9CC}"
EndProject
Project("{9A19103F-16F7-4668-BE54-9A1E7A4F7556}") = "FastFoodTotem.MercadoPago", "src\Adapters\Driven\FastFoodTotem.MercadoPago\FastFoodTotem.MercadoPago.csproj", "{9F44A6C4-8A07-4588-9B1A-33F2E2C3BE51}"
EndProject
Project("{2150E333-8FDC-42A3-9474-1A3956D46DE8}") = "jobs de teste", "jobs de teste", "{878DFD02-D10D-4761-AD82-9C7FB0775777}"
EndProject
Project("{FAE04EC0-301F-11D3-BF4B-00C04F79EFBC}") = "TesteMercadoPago", "src\jobs de teste\TesteMercadoPago\TesteMercadoPago.csproj", "{57B5457D-5E3F-45F0-AC75-F78016628C14}"
EndProject
Global
	GlobalSection(SolutionConfigurationPlatforms) = preSolution
		Debug|Any CPU = Debug|Any CPU
		Release|Any CPU = Release|Any CPU
	EndGlobalSection
	GlobalSection(ProjectConfigurationPlatforms) = postSolution
		{18C03560-7178-4029-B6CC-7C9C3A8D2E2C}.Debug|Any CPU.ActiveCfg = Debug|Any CPU
		{18C03560-7178-4029-B6CC-7C9C3A8D2E2C}.Debug|Any CPU.Build.0 = Debug|Any CPU
		{18C03560-7178-4029-B6CC-7C9C3A8D2E2C}.Release|Any CPU.ActiveCfg = Release|Any CPU
		{18C03560-7178-4029-B6CC-7C9C3A8D2E2C}.Release|Any CPU.Build.0 = Release|Any CPU
		{F208C75B-EF5D-4D61-9EBF-300F7F8C7CE7}.Debug|Any CPU.ActiveCfg = Debug|Any CPU
		{F208C75B-EF5D-4D61-9EBF-300F7F8C7CE7}.Debug|Any CPU.Build.0 = Debug|Any CPU
		{F208C75B-EF5D-4D61-9EBF-300F7F8C7CE7}.Release|Any CPU.ActiveCfg = Release|Any CPU
		{F208C75B-EF5D-4D61-9EBF-300F7F8C7CE7}.Release|Any CPU.Build.0 = Release|Any CPU
		{D5AC57FA-B637-4371-AC7F-C25718953A8E}.Debug|Any CPU.ActiveCfg = Debug|Any CPU
		{D5AC57FA-B637-4371-AC7F-C25718953A8E}.Debug|Any CPU.Build.0 = Debug|Any CPU
		{D5AC57FA-B637-4371-AC7F-C25718953A8E}.Release|Any CPU.ActiveCfg = Release|Any CPU
		{D5AC57FA-B637-4371-AC7F-C25718953A8E}.Release|Any CPU.Build.0 = Release|Any CPU
		{F30A8AF1-E2D0-499C-8212-C9C27F0DD9CC}.Debug|Any CPU.ActiveCfg = Debug|Any CPU
		{F30A8AF1-E2D0-499C-8212-C9C27F0DD9CC}.Debug|Any CPU.Build.0 = Debug|Any CPU
		{F30A8AF1-E2D0-499C-8212-C9C27F0DD9CC}.Release|Any CPU.ActiveCfg = Release|Any CPU
		{F30A8AF1-E2D0-499C-8212-C9C27F0DD9CC}.Release|Any CPU.Build.0 = Release|Any CPU
		{9F44A6C4-8A07-4588-9B1A-33F2E2C3BE51}.Debug|Any CPU.ActiveCfg = Debug|Any CPU
		{9F44A6C4-8A07-4588-9B1A-33F2E2C3BE51}.Debug|Any CPU.Build.0 = Debug|Any CPU
		{9F44A6C4-8A07-4588-9B1A-33F2E2C3BE51}.Release|Any CPU.ActiveCfg = Release|Any CPU
		{9F44A6C4-8A07-4588-9B1A-33F2E2C3BE51}.Release|Any CPU.Build.0 = Release|Any CPU
		{57B5457D-5E3F-45F0-AC75-F78016628C14}.Debug|Any CPU.ActiveCfg = Debug|Any CPU
		{57B5457D-5E3F-45F0-AC75-F78016628C14}.Debug|Any CPU.Build.0 = Debug|Any CPU
		{57B5457D-5E3F-45F0-AC75-F78016628C14}.Release|Any CPU.ActiveCfg = Release|Any CPU
		{57B5457D-5E3F-45F0-AC75-F78016628C14}.Release|Any CPU.Build.0 = Release|Any CPU
	EndGlobalSection
	GlobalSection(SolutionProperties) = preSolution
		HideSolutionNode = FALSE
	EndGlobalSection
	GlobalSection(NestedProjects) = preSolution
		{A52D1D10-32F0-4F17-BA2B-E3F137E79743} = {3CD775B4-2A89-497F-940D-7F532A6AF272}
		{538C754D-FA5F-4FBE-80E1-DE96054D96A9} = {3CD775B4-2A89-497F-940D-7F532A6AF272}
		{597BF64B-4771-4FF8-96CC-9D035D450304} = {538C754D-FA5F-4FBE-80E1-DE96054D96A9}
		{91DB02A3-EDB9-445F-BF6E-98863467D0F3} = {538C754D-FA5F-4FBE-80E1-DE96054D96A9}
		{18C03560-7178-4029-B6CC-7C9C3A8D2E2C} = {91DB02A3-EDB9-445F-BF6E-98863467D0F3}
		{F208C75B-EF5D-4D61-9EBF-300F7F8C7CE7} = {597BF64B-4771-4FF8-96CC-9D035D450304}
		{D5AC57FA-B637-4371-AC7F-C25718953A8E} = {A52D1D10-32F0-4F17-BA2B-E3F137E79743}
		{F30A8AF1-E2D0-499C-8212-C9C27F0DD9CC} = {A52D1D10-32F0-4F17-BA2B-E3F137E79743}
		{9F44A6C4-8A07-4588-9B1A-33F2E2C3BE51} = {597BF64B-4771-4FF8-96CC-9D035D450304}
		{878DFD02-D10D-4761-AD82-9C7FB0775777} = {3CD775B4-2A89-497F-940D-7F532A6AF272}
		{57B5457D-5E3F-45F0-AC75-F78016628C14} = {878DFD02-D10D-4761-AD82-9C7FB0775777}
	EndGlobalSection
	GlobalSection(ExtensibilityGlobals) = postSolution
		SolutionGuid = {1C58FD1C-5110-476B-88E7-DDD8B08DCE17}
	EndGlobalSection
EndGlobal
